version = 1
revision = 1
requires-python = ">=3.11"

[[package]]
name = "colorama"
version = "0.4.6"
source = { registry = "https://pypi.org/simple" }
sdist = { url = "https://files.pythonhosted.org/packages/d8/53/6f443c9a4a8358a93a6792e2acffb9d9d5cb0a5cfd8802644b7b1c9a02e4/colorama-0.4.6.tar.gz", hash = "sha256:08695f5cb7ed6e0531a20572697297273c47b8cae5a63ffc6d6ed5c201be6e44", size = 27697 }
wheels = [
    { url = "https://files.pythonhosted.org/packages/d1/d6/3965ed04c63042e047cb6a3e6ed1a63a35087b6a609aa3a15ed8ac56c221/colorama-0.4.6-py2.py3-none-any.whl", hash = "sha256:4f1d9991f5acc0ca119f9d443620b77f9d6b33703e51011c16baf57afb285fc6", size = 25335 },
]

[[package]]
name = "dicterrors"
version = "0.1.0"
source = { editable = "." }
dependencies = [
    { name = "levenshtein" },
    { name = "tabulate" },
]

[package.optional-dependencies]
dev = [
    { name = "pytest" },
]

[package.metadata]
requires-dist = [
    { name = "levenshtein", specifier = ">=0.27.1" },
    { name = "pytest", marker = "extra == 'dev'" },
    { name = "tabulate", specifier = ">=0.9.0" },
]
provides-extras = ["dev"]

[[package]]
name = "iniconfig"
version = "2.1.0"
source = { registry = "https://pypi.org/simple" }
sdist = { url = "https://files.pythonhosted.org/packages/f2/97/ebf4da567aa6827c909642694d71c9fcf53e5b504f2d96afea02718862f3/iniconfig-2.1.0.tar.gz", hash = "sha256:3abbd2e30b36733fee78f9c7f7308f2d0050e88f0087fd25c2645f63c773e1c7", size = 4793 }
wheels = [
    { url = "https://files.pythonhosted.org/packages/2c/e1/e6716421ea10d38022b952c159d5161ca1193197fb744506875fbb87ea7b/iniconfig-2.1.0-py3-none-any.whl", hash = "sha256:9deba5723312380e77435581c6bf4935c94cbfab9b1ed33ef8d238ea168eb760", size = 6050 },
]

[[package]]
name = "levenshtein"
version = "0.27.1"
source = { registry = "https://pypi.org/simple" }
dependencies = [
    { name = "rapidfuzz" },
]
sdist = { url = "https://files.pythonhosted.org/packages/7e/b3/b5f8011483ba9083a0bc74c4d58705e9cf465fbe55c948a1b1357d0a2aa8/levenshtein-0.27.1.tar.gz", hash = "sha256:3e18b73564cfc846eec94dd13fab6cb006b5d2e0cc56bad1fd7d5585881302e3", size = 382571 }
wheels = [
    { url = "https://files.pythonhosted.org/packages/22/84/110136e740655779aceb0da2399977362f21b2dbf3ea3646557f9c2237c4/levenshtein-0.27.1-cp311-cp311-macosx_10_9_x86_64.whl", hash = "sha256:2e6f1760108319a108dceb2f02bc7cdb78807ad1f9c673c95eaa1d0fe5dfcaae", size = 174555 },
    { url = "https://files.pythonhosted.org/packages/19/5b/176d96959f5c5969f356d8856f8e20d2e72f7e4879f6d1cda8e5c2ac2614/levenshtein-0.27.1-cp311-cp311-macosx_11_0_arm64.whl", hash = "sha256:c4ed8400d94ab348099395e050b8ed9dd6a5d6b5b9e75e78b2b3d0b5f5b10f38", size = 156286 },
    { url = "https://files.pythonhosted.org/packages/2a/2d/a75abaafc8a46b0dc52ab14dc96708989a31799a02a4914f9210c3415f04/levenshtein-0.27.1-cp311-cp311-manylinux_2_17_aarch64.manylinux2014_aarch64.whl", hash = "sha256:7826efe51be8ff58bc44a633e022fdd4b9fc07396375a6dbc4945a3bffc7bf8f", size = 152413 },
    { url = "https://files.pythonhosted.org/packages/9a/5f/533f4adf964b10817a1d0ecca978b3542b3b9915c96172d20162afe18bed/levenshtein-0.27.1-cp311-cp311-manylinux_2_17_ppc64le.manylinux2014_ppc64le.whl", hash = "sha256:ff5afb78719659d353055863c7cb31599fbea6865c0890b2d840ee40214b3ddb", size = 184236 },
    { url = "https://files.pythonhosted.org/packages/02/79/e698623795e36e0d166a3aa1eac6fe1e446cac3a5c456664a95c351571d1/levenshtein-0.27.1-cp311-cp311-manylinux_2_17_s390x.manylinux2014_s390x.whl", hash = "sha256:201dafd5c004cd52018560cf3213da799534d130cf0e4db839b51f3f06771de0", size = 185502 },
    { url = "https://files.pythonhosted.org/packages/ac/94/76b64762f4af6e20bbab79713c4c48783240e6e502b2f52e5037ddda688a/levenshtein-0.27.1-cp311-cp311-manylinux_2_17_x86_64.manylinux2014_x86_64.whl", hash = "sha256:e5ddd59f3cfaec216811ee67544779d9e2d6ed33f79337492a248245d6379e3d", size = 161749 },
    { url = "https://files.pythonhosted.org/packages/56/d0/d10eff9224c94a478078a469aaeb43471fdeddad035f443091224c7544b8/levenshtein-0.27.1-cp311-cp311-manylinux_2_5_i686.manylinux1_i686.manylinux_2_17_i686.manylinux2014_i686.whl", hash = "sha256:6afc241d27ecf5b921063b796812c55b0115423ca6fa4827aa4b1581643d0a65", size = 246686 },
    { url = "https://files.pythonhosted.org/packages/b2/8a/ebbeff74461da3230d00e8a8197480a2ea1a9bbb7dbc273214d7ea3896cb/levenshtein-0.27.1-cp311-cp311-musllinux_1_2_aarch64.whl", hash = "sha256:ee2e766277cceb8ca9e584ea03b8dc064449ba588d3e24c1923e4b07576db574", size = 1116616 },
    { url = "https://files.pythonhosted.org/packages/1d/9b/e7323684f833ede13113fba818c3afe665a78b47d720afdeb2e530c1ecb3/levenshtein-0.27.1-cp311-cp311-musllinux_1_2_i686.whl", hash = "sha256:920b23d6109453913ce78ec451bc402ff19d020ee8be4722e9d11192ec2fac6f", size = 1401483 },
    { url = "https://files.pythonhosted.org/packages/ef/1d/9b6ab30ff086a33492d6f7de86a07050b15862ccf0d9feeccfbe26af52d8/levenshtein-0.27.1-cp311-cp311-musllinux_1_2_ppc64le.whl", hash = "sha256:560d7edba126e2eea3ac3f2f12e7bd8bc9c6904089d12b5b23b6dfa98810b209", size = 1225805 },
    { url = "https://files.pythonhosted.org/packages/1b/07/ae2f31e87ff65ba4857e25192646f1f3c8cca83c2ac1c27e551215b7e1b6/levenshtein-0.27.1-cp311-cp311-musllinux_1_2_s390x.whl", hash = "sha256:8d5362b6c7aa4896dc0cb1e7470a4ad3c06124e0af055dda30d81d3c5549346b", size = 1419860 },
    { url = "https://files.pythonhosted.org/packages/43/d2/dfcc5c22c07bab9be99f3f47a907be583bcd37bfd2eec57a205e59671019/levenshtein-0.27.1-cp311-cp311-musllinux_1_2_x86_64.whl", hash = "sha256:65ba880815b0f80a80a293aeebac0fab8069d03ad2d6f967a886063458f9d7a1", size = 1188823 },
    { url = "https://files.pythonhosted.org/packages/8b/96/713335623f8ab50eba0627c8685618dc3a985aedaaea9f492986b9443551/levenshtein-0.27.1-cp311-cp311-win32.whl", hash = "sha256:fcc08effe77fec0bc5b0f6f10ff20b9802b961c4a69047b5499f383119ddbe24", size = 88156 },
    { url = "https://files.pythonhosted.org/packages/aa/ae/444d6e8ba9a35379a56926716f18bb2e77c6cf69e5324521fbe6885f14f6/levenshtein-0.27.1-cp311-cp311-win_amd64.whl", hash = "sha256:0ed402d8902be7df212ac598fc189f9b2d520817fdbc6a05e2ce44f7f3ef6857", size = 100399 },
    { url = "https://files.pythonhosted.org/packages/80/c0/ff226897a238a2deb2ca2c00d658755a1aa01884b0ddc8f5d406cb5f2b0d/levenshtein-0.27.1-cp311-cp311-win_arm64.whl", hash = "sha256:7fdaab29af81a8eb981043737f42450efca64b9761ca29385487b29c506da5b5", size = 88033 },
    { url = "https://files.pythonhosted.org/packages/0d/73/84a7126b9e6441c2547f1fbfd65f3c15c387d1fc04e0dd1d025a12107771/levenshtein-0.27.1-cp312-cp312-macosx_10_13_x86_64.whl", hash = "sha256:25fb540d8c55d1dc7bdc59b7de518ea5ed9df92eb2077e74bcb9bb6de7b06f69", size = 173953 },
    { url = "https://files.pythonhosted.org/packages/8f/5c/06c01870c0cf336f9f29397bbfbfbbfd3a59918868716e7bb15828e89367/levenshtein-0.27.1-cp312-cp312-macosx_11_0_arm64.whl", hash = "sha256:f09cfab6387e9c908c7b37961c045e8e10eb9b7ec4a700367f8e080ee803a562", size = 156399 },
    { url = "https://files.pythonhosted.org/packages/c7/4a/c1d3f27ec8b3fff5a96617251bf3f61c67972869ac0a0419558fc3e2cbe6/levenshtein-0.27.1-cp312-cp312-manylinux_2_17_aarch64.manylinux2014_aarch64.whl", hash = "sha256:dafa29c0e616f322b574e0b2aeb5b1ff2f8d9a1a6550f22321f3bd9bb81036e3", size = 151061 },
    { url = "https://files.pythonhosted.org/packages/4d/8f/2521081e9a265891edf46aa30e1b59c1f347a452aed4c33baafbec5216fa/levenshtein-0.27.1-cp312-cp312-manylinux_2_17_ppc64le.manylinux2014_ppc64le.whl", hash = "sha256:be7a7642ea64392fa1e6ef7968c2e50ef2152c60948f95d0793361ed97cf8a6f", size = 183119 },
    { url = "https://files.pythonhosted.org/packages/1f/a0/a63e3bce6376127596d04be7f57e672d2f3d5f540265b1e30b9dd9b3c5a9/levenshtein-0.27.1-cp312-cp312-manylinux_2_17_s390x.manylinux2014_s390x.whl", hash = "sha256:060b48c45ed54bcea9582ce79c6365b20a1a7473767e0b3d6be712fa3a22929c", size = 185352 },
    { url = "https://files.pythonhosted.org/packages/17/8c/8352e992063952b38fb61d49bad8d193a4a713e7eeceb3ae74b719d7863d/levenshtein-0.27.1-cp312-cp312-manylinux_2_17_x86_64.manylinux2014_x86_64.whl", hash = "sha256:712f562c5e64dd0398d3570fe99f8fbb88acec7cc431f101cb66c9d22d74c542", size = 159879 },
    { url = "https://files.pythonhosted.org/packages/69/b4/564866e2038acf47c3de3e9292fc7fc7cc18d2593fedb04f001c22ac6e15/levenshtein-0.27.1-cp312-cp312-manylinux_2_5_i686.manylinux1_i686.manylinux_2_17_i686.manylinux2014_i686.whl", hash = "sha256:a6141ad65cab49aa4527a3342d76c30c48adb2393b6cdfeca65caae8d25cb4b8", size = 245005 },
    { url = "https://files.pythonhosted.org/packages/ba/f9/7367f87e3a6eed282f3654ec61a174b4d1b78a7a73f2cecb91f0ab675153/levenshtein-0.27.1-cp312-cp312-musllinux_1_2_aarch64.whl", hash = "sha256:799b8d73cda3265331116f62932f553804eae16c706ceb35aaf16fc2a704791b", size = 1116865 },
    { url = "https://files.pythonhosted.org/packages/f5/02/b5b3bfb4b4cd430e9d110bad2466200d51c6061dae7c5a64e36047c8c831/levenshtein-0.27.1-cp312-cp312-musllinux_1_2_i686.whl", hash = "sha256:ec99871d98e517e1cc4a15659c62d6ea63ee5a2d72c5ddbebd7bae8b9e2670c8", size = 1401723 },
    { url = "https://files.pythonhosted.org/packages/ef/69/b93bccd093b3f06a99e67e11ebd6e100324735dc2834958ba5852a1b9fed/levenshtein-0.27.1-cp312-cp312-musllinux_1_2_ppc64le.whl", hash = "sha256:8799164e1f83588dbdde07f728ea80796ea72196ea23484d78d891470241b222", size = 1226276 },
    { url = "https://files.pythonhosted.org/packages/ab/32/37dd1bc5ce866c136716619e6f7081d7078d7dd1c1da7025603dcfd9cf5f/levenshtein-0.27.1-cp312-cp312-musllinux_1_2_s390x.whl", hash = "sha256:583943813898326516ab451a83f734c6f07488cda5c361676150d3e3e8b47927", size = 1420132 },
    { url = "https://files.pythonhosted.org/packages/4b/08/f3bc828dd9f0f8433b26f37c4fceab303186ad7b9b70819f2ccb493d99fc/levenshtein-0.27.1-cp312-cp312-musllinux_1_2_x86_64.whl", hash = "sha256:5bb22956af44bb4eade93546bf95be610c8939b9a9d4d28b2dfa94abf454fed7", size = 1189144 },
    { url = "https://files.pythonhosted.org/packages/2d/54/5ecd89066cf579223d504abe3ac37ba11f63b01a19fd12591083acc00eb6/levenshtein-0.27.1-cp312-cp312-win32.whl", hash = "sha256:d9099ed1bcfa7ccc5540e8ad27b5dc6f23d16addcbe21fdd82af6440f4ed2b6d", size = 88279 },
    { url = "https://files.pythonhosted.org/packages/53/79/4f8fabcc5aca9305b494d1d6c7a98482e90a855e0050ae9ff5d7bf4ab2c6/levenshtein-0.27.1-cp312-cp312-win_amd64.whl", hash = "sha256:7f071ecdb50aa6c15fd8ae5bcb67e9da46ba1df7bba7c6bf6803a54c7a41fd96", size = 100659 },
    { url = "https://files.pythonhosted.org/packages/cb/81/f8e4c0f571c2aac2e0c56a6e0e41b679937a2b7013e79415e4aef555cff0/levenshtein-0.27.1-cp312-cp312-win_arm64.whl", hash = "sha256:83b9033a984ccace7703f35b688f3907d55490182fd39b33a8e434d7b2e249e6", size = 88168 },
    { url = "https://files.pythonhosted.org/packages/c6/d3/30485fb9aee848542ee2d01aba85106a7f5da982ebeeffc619f70ea593c7/levenshtein-0.27.1-cp313-cp313-macosx_10_13_x86_64.whl", hash = "sha256:ab00c2cae2889166afb7e1af64af2d4e8c1b126f3902d13ef3740df00e54032d", size = 173397 },
    { url = "https://files.pythonhosted.org/packages/df/9f/40a81c54cfe74b22737710e654bd25ad934a675f737b60b24f84099540e0/levenshtein-0.27.1-cp313-cp313-macosx_11_0_arm64.whl", hash = "sha256:c27e00bc7527e282f7c437817081df8da4eb7054e7ef9055b851fa3947896560", size = 155787 },
    { url = "https://files.pythonhosted.org/packages/df/98/915f4e24e21982b6eca2c0203546c160f4a83853fa6a2ac6e2b208a54afc/levenshtein-0.27.1-cp313-cp313-manylinux_2_17_aarch64.manylinux2014_aarch64.whl", hash = "sha256:a5b07de42bfc051136cc8e7f1e7ba2cb73666aa0429930f4218efabfdc5837ad", size = 150013 },
    { url = "https://files.pythonhosted.org/packages/80/93/9b0773107580416b9de14bf6a12bd1dd2b2964f7a9f6fb0e40723e1f0572/levenshtein-0.27.1-cp313-cp313-manylinux_2_17_ppc64le.manylinux2014_ppc64le.whl", hash = "sha256:fb11ad3c9dae3063405aa50d9c96923722ab17bb606c776b6817d70b51fd7e07", size = 181234 },
    { url = "https://files.pythonhosted.org/packages/91/b1/3cd4f69af32d40de14808142cc743af3a1b737b25571bd5e8d2f46b885e0/levenshtein-0.27.1-cp313-cp313-manylinux_2_17_s390x.manylinux2014_s390x.whl", hash = "sha256:5c5986fb46cb0c063305fd45b0a79924abf2959a6d984bbac2b511d3ab259f3f", size = 183697 },
    { url = "https://files.pythonhosted.org/packages/bb/65/b691e502c6463f6965b7e0d8d84224c188aa35b53fbc85853c72a0e436c9/levenshtein-0.27.1-cp313-cp313-manylinux_2_17_x86_64.manylinux2014_x86_64.whl", hash = "sha256:75191e469269ddef2859bc64c4a8cfd6c9e063302766b5cb7e1e67f38cc7051a", size = 159964 },
    { url = "https://files.pythonhosted.org/packages/0f/c0/89a922a47306a475fb6d8f2ab08668f143d3dc7dea4c39d09e46746e031c/levenshtein-0.27.1-cp313-cp313-manylinux_2_5_i686.manylinux1_i686.manylinux_2_17_i686.manylinux2014_i686.whl", hash = "sha256:51b3a7b2266933babc04e4d9821a495142eebd6ef709f90e24bc532b52b81385", size = 244759 },
    { url = "https://files.pythonhosted.org/packages/b4/93/30283c6e69a6556b02e0507c88535df9613179f7b44bc49cdb4bc5e889a3/levenshtein-0.27.1-cp313-cp313-musllinux_1_2_aarch64.whl", hash = "sha256:bbac509794afc3e2a9e73284c9e3d0aab5b1d928643f42b172969c3eefa1f2a3", size = 1115955 },
    { url = "https://files.pythonhosted.org/packages/0b/cf/7e19ea2c23671db02fbbe5a5a4aeafd1d471ee573a6251ae17008458c434/levenshtein-0.27.1-cp313-cp313-musllinux_1_2_i686.whl", hash = "sha256:8d68714785178347ecb272b94e85cbf7e638165895c4dd17ab57e7742d8872ec", size = 1400921 },
    { url = "https://files.pythonhosted.org/packages/e3/f7/fb42bfe2f3b46ef91f0fc6fa217b44dbeb4ef8c72a9c1917bbbe1cafc0f8/levenshtein-0.27.1-cp313-cp313-musllinux_1_2_ppc64le.whl", hash = "sha256:8ee74ee31a5ab8f61cd6c6c6e9ade4488dde1285f3c12207afc018393c9b8d14", size = 1225037 },
    { url = "https://files.pythonhosted.org/packages/74/25/c86f8874ac7b0632b172d0d1622ed3ab9608a7f8fe85d41d632b16f5948e/levenshtein-0.27.1-cp313-cp313-musllinux_1_2_s390x.whl", hash = "sha256:f2441b6365453ec89640b85344afd3d602b0d9972840b693508074c613486ce7", size = 1420601 },
    { url = "https://files.pythonhosted.org/packages/20/fe/ebfbaadcd90ea7dfde987ae95b5c11dc27c2c5d55a2c4ccbbe4e18a8af7b/levenshtein-0.27.1-cp313-cp313-musllinux_1_2_x86_64.whl", hash = "sha256:a9be39640a46d8a0f9be729e641651d16a62b2c07d3f4468c36e1cc66b0183b9", size = 1188241 },
    { url = "https://files.pythonhosted.org/packages/2e/1a/aa6b07316e10781a6c5a5a8308f9bdc22213dc3911b959daa6d7ff654fc6/levenshtein-0.27.1-cp313-cp313-win32.whl", hash = "sha256:a520af67d976761eb6580e7c026a07eb8f74f910f17ce60e98d6e492a1f126c7", size = 88103 },
    { url = "https://files.pythonhosted.org/packages/9d/7b/9bbfd417f80f1047a28d0ea56a9b38b9853ba913b84dd5998785c5f98541/levenshtein-0.27.1-cp313-cp313-win_amd64.whl", hash = "sha256:7dd60aa49c2d8d23e0ef6452c8329029f5d092f386a177e3385d315cabb78f2a", size = 100579 },
    { url = "https://files.pythonhosted.org/packages/8b/01/5f3ff775db7340aa378b250e2a31e6b4b038809a24ff0a3636ef20c7ca31/levenshtein-0.27.1-cp313-cp313-win_arm64.whl", hash = "sha256:149cd4f0baf5884ac5df625b7b0d281721b15de00f447080e38f5188106e1167", size = 87933 },
    { url = "https://files.pythonhosted.org/packages/7d/44/c5955d0b6830925559b00617d80c9f6e03a9b00c451835ee4da7010e71cd/levenshtein-0.27.1-pp311-pypy311_pp73-macosx_10_15_x86_64.whl", hash = "sha256:909b7b6bce27a4ec90576c9a9bd9af5a41308dfecf364b410e80b58038277bbe", size = 170533 },
    { url = "https://files.pythonhosted.org/packages/e7/3f/858572d68b33e13a9c154b99f153317efe68381bf63cc4e986e820935fc3/levenshtein-0.27.1-pp311-pypy311_pp73-macosx_11_0_arm64.whl", hash = "sha256:d193a7f97b8c6a350e36ec58e41a627c06fa4157c3ce4b2b11d90cfc3c2ebb8f", size = 153119 },
    { url = "https://files.pythonhosted.org/packages/d1/60/2bd8d001ea4eb53ca16faa7a649d56005ba22b1bcc2a4f1617ab27ed7e48/levenshtein-0.27.1-pp311-pypy311_pp73-manylinux_2_17_aarch64.manylinux2014_aarch64.whl", hash = "sha256:614be316e3c06118705fae1f717f9072d35108e5fd4e66a7dd0e80356135340b", size = 149576 },
    { url = "https://files.pythonhosted.org/packages/e4/db/0580797e1e4ac26cf67761a235b29b49f62d2b175dbbc609882f2aecd4e4/levenshtein-0.27.1-pp311-pypy311_pp73-manylinux_2_17_x86_64.manylinux2014_x86_64.whl", hash = "sha256:31fc0a5bb070722bdabb6f7e14955a294a4a968c68202d294699817f21545d22", size = 157445 },
    { url = "https://files.pythonhosted.org/packages/f4/de/9c171c96d1f15c900086d7212b5543a85539e767689fc4933d14048ba1ec/levenshtein-0.27.1-pp311-pypy311_pp73-manylinux_2_5_i686.manylinux1_i686.manylinux_2_17_i686.manylinux2014_i686.whl", hash = "sha256:9415aa5257227af543be65768a80c7a75e266c3c818468ce6914812f88f9c3df", size = 243141 },
    { url = "https://files.pythonhosted.org/packages/dc/1e/408fd10217eac0e43aea0604be22b4851a09e03d761d44d4ea12089dd70e/levenshtein-0.27.1-pp311-pypy311_pp73-win_amd64.whl", hash = "sha256:7987ef006a3cf56a4532bd4c90c2d3b7b4ca9ad3bf8ae1ee5713c4a3bdfda913", size = 98045 },
]

[[package]]
name = "packaging"
version = "25.0"
source = { registry = "https://pypi.org/simple" }
sdist = { url = "https://files.pythonhosted.org/packages/a1/d4/1fc4078c65507b51b96ca8f8c3ba19e6a61c8253c72794544580a7b6c24d/packaging-25.0.tar.gz", hash = "sha256:d443872c98d677bf60f6a1f2f8c1cb748e8fe762d2bf9d3148b5599295b0fc4f", size = 165727 }
wheels = [
    { url = "https://files.pythonhosted.org/packages/20/12/38679034af332785aac8774540895e234f4d07f7545804097de4b666afd8/packaging-25.0-py3-none-any.whl", hash = "sha256:29572ef2b1f17581046b3a2227d5c611fb25ec70ca1ba8554b24b0e69331a484", size = 66469 },
]

[[package]]
name = "pluggy"
version = "1.6.0"
source = { registry = "https://pypi.org/simple" }
sdist = { url = "https://files.pythonhosted.org/packages/f9/e2/3e91f31a7d2b083fe6ef3fa267035b518369d9511ffab804f839851d2779/pluggy-1.6.0.tar.gz", hash = "sha256:7dcc130b76258d33b90f61b658791dede3486c3e6bfb003ee5c9bfb396dd22f3", size = 69412 }
wheels = [
    { url = "https://files.pythonhosted.org/packages/54/20/4d324d65cc6d9205fabedc306948156824eb9f0ee1633355a8f7ec5c66bf/pluggy-1.6.0-py3-none-any.whl", hash = "sha256:e920276dd6813095e9377c0bc5566d94c932c33b27a3e3945d8389c374dd4746", size = 20538 },
]

[[package]]
name = "pygments"
version = "2.19.2"
source = { registry = "https://pypi.org/simple" }
sdist = { url = "https://files.pythonhosted.org/packages/b0/77/a5b8c569bf593b0140bde72ea885a803b82086995367bf2037de0159d924/pygments-2.19.2.tar.gz", hash = "sha256:636cb2477cec7f8952536970bc533bc43743542f70392ae026374600add5b887", size = 4968631 }
wheels = [
    { url = "https://files.pythonhosted.org/packages/c7/21/705964c7812476f378728bdf590ca4b771ec72385c533964653c68e86bdc/pygments-2.19.2-py3-none-any.whl", hash = "sha256:86540386c03d588bb81d44bc3928634ff26449851e99741617ecb9037ee5ec0b", size = 1225217 },
]

[[package]]
name = "pytest"
version = "8.4.2"
source = { registry = "https://pypi.org/simple" }
dependencies = [
    { name = "colorama", marker = "sys_platform == 'win32'" },
    { name = "iniconfig" },
    { name = "packaging" },
    { name = "pluggy" },
    { name = "pygments" },
]
sdist = { url = "https://files.pythonhosted.org/packages/a3/5c/00a0e072241553e1a7496d638deababa67c5058571567b92a7eaa258397c/pytest-8.4.2.tar.gz", hash = "sha256:86c0d0b93306b961d58d62a4db4879f27fe25513d4b969df351abdddb3c30e01", size = 1519618 }
wheels = [
    { url = "https://files.pythonhosted.org/packages/a8/a4/20da314d277121d6534b3a980b29035dcd51e6744bd79075a6ce8fa4eb8d/pytest-8.4.2-py3-none-any.whl", hash = "sha256:872f880de3fc3a5bdc88a11b39c9710c3497a547cfa9320bc3c5e62fbf272e79", size = 365750 },
]

[[package]]
name = "rapidfuzz"
version = "3.14.1"
source = { registry = "https://pypi.org/simple" }
sdist = { url = "https://files.pythonhosted.org/packages/ed/fc/a98b616db9a42dcdda7c78c76bdfdf6fe290ac4c5ffbb186f73ec981ad5b/rapidfuzz-3.14.1.tar.gz", hash = "sha256:b02850e7f7152bd1edff27e9d584505b84968cacedee7a734ec4050c655a803c", size = 57869570 }
wheels = [
    { url = "https://files.pythonhosted.org/packages/5c/c7/c3c860d512606225c11c8ee455b4dc0b0214dbcfac90a2c22dddf55320f3/rapidfuzz-3.14.1-cp311-cp311-macosx_10_9_x86_64.whl", hash = "sha256:4d976701060886a791c8a9260b1d4139d14c1f1e9a6ab6116b45a1acf3baff67", size = 1938398 },
    { url = "https://files.pythonhosted.org/packages/c0/f3/67f5c5cd4d728993c48c1dcb5da54338d77c03c34b4903cc7839a3b89faf/rapidfuzz-3.14.1-cp311-cp311-macosx_11_0_arm64.whl", hash = "sha256:5e6ba7e6eb2ab03870dcab441d707513db0b4264c12fba7b703e90e8b4296df2", size = 1392819 },
    { url = "https://files.pythonhosted.org/packages/d5/06/400d44842f4603ce1bebeaeabe776f510e329e7dbf6c71b6f2805e377889/rapidfuzz-3.14.1-cp311-cp311-manylinux_2_26_aarch64.manylinux_2_28_aarch64.whl", hash = "sha256:1e532bf46de5fd3a1efde73a16a4d231d011bce401c72abe3c6ecf9de681003f", size = 1391798 },
    { url = "https://files.pythonhosted.org/packages/90/97/a6944955713b47d88e8ca4305ca7484940d808c4e6c4e28b6fa0fcbff97e/rapidfuzz-3.14.1-cp311-cp311-manylinux_2_26_ppc64le.manylinux_2_28_ppc64le.whl", hash = "sha256:f9b6a6fb8ed9b951e5f3b82c1ce6b1665308ec1a0da87f799b16e24fc59e4662", size = 1699136 },
    { url = "https://files.pythonhosted.org/packages/a8/1e/f311a5c95ddf922db6dd8666efeceb9ac69e1319ed098ac80068a4041732/rapidfuzz-3.14.1-cp311-cp311-manylinux_2_26_s390x.manylinux_2_28_s390x.whl", hash = "sha256:5b6ac3f9810949caef0e63380b11a3c32a92f26bacb9ced5e32c33560fcdf8d1", size = 2236238 },
    { url = "https://files.pythonhosted.org/packages/85/27/e14e9830255db8a99200f7111b158ddef04372cf6332a415d053fe57cc9c/rapidfuzz-3.14.1-cp311-cp311-manylinux_2_27_x86_64.manylinux_2_28_x86_64.whl", hash = "sha256:e52e4c34fd567f77513e886b66029c1ae02f094380d10eba18ba1c68a46d8b90", size = 3183685 },
    { url = "https://files.pythonhosted.org/packages/61/b2/42850c9616ddd2887904e5dd5377912cbabe2776fdc9fd4b25e6e12fba32/rapidfuzz-3.14.1-cp311-cp311-manylinux_2_31_armv7l.whl", hash = "sha256:2ef72e41b1a110149f25b14637f1cedea6df192462120bea3433980fe9d8ac05", size = 1231523 },
    { url = "https://files.pythonhosted.org/packages/de/b5/6b90ed7127a1732efef39db46dd0afc911f979f215b371c325a2eca9cb15/rapidfuzz-3.14.1-cp311-cp311-musllinux_1_2_aarch64.whl", hash = "sha256:fb654a35b373d712a6b0aa2a496b2b5cdd9d32410cfbaecc402d7424a90ba72a", size = 2415209 },
    { url = "https://files.pythonhosted.org/packages/70/60/af51c50d238c82f2179edc4b9f799cc5a50c2c0ebebdcfaa97ded7d02978/rapidfuzz-3.14.1-cp311-cp311-musllinux_1_2_armv7l.whl", hash = "sha256:2b2c12e5b9eb8fe9a51b92fe69e9ca362c0970e960268188a6d295e1dec91e6d", size = 2532957 },
    { url = "https://files.pythonhosted.org/packages/50/92/29811d2ba7c984251a342c4f9ccc7cc4aa09d43d800af71510cd51c36453/rapidfuzz-3.14.1-cp311-cp311-musllinux_1_2_ppc64le.whl", hash = "sha256:4f069dec5c450bd987481e752f0a9979e8fdf8e21e5307f5058f5c4bb162fa56", size = 2815720 },
    { url = "https://files.pythonhosted.org/packages/78/69/cedcdee16a49e49d4985eab73b59447f211736c5953a58f1b91b6c53a73f/rapidfuzz-3.14.1-cp311-cp311-musllinux_1_2_s390x.whl", hash = "sha256:4d0d9163725b7ad37a8c46988cae9ebab255984db95ad01bf1987ceb9e3058dd", size = 3323704 },
    { url = "https://files.pythonhosted.org/packages/76/3e/5a3f9a5540f18e0126e36f86ecf600145344acb202d94b63ee45211a18b8/rapidfuzz-3.14.1-cp311-cp311-musllinux_1_2_x86_64.whl", hash = "sha256:db656884b20b213d846f6bc990c053d1f4a60e6d4357f7211775b02092784ca1", size = 4287341 },
    { url = "https://files.pythonhosted.org/packages/46/26/45db59195929dde5832852c9de8533b2ac97dcc0d852d1f18aca33828122/rapidfuzz-3.14.1-cp311-cp311-win32.whl", hash = "sha256:4b42f7b9c58cbcfbfaddc5a6278b4ca3b6cd8983e7fd6af70ca791dff7105fb9", size = 1726574 },
    { url = "https://files.pythonhosted.org/packages/01/5c/a4caf76535f35fceab25b2aaaed0baecf15b3d1fd40746f71985d20f8c4b/rapidfuzz-3.14.1-cp311-cp311-win_amd64.whl", hash = "sha256:e5847f30d7d4edefe0cb37294d956d3495dd127c1c56e9128af3c2258a520bb4", size = 1547124 },
    { url = "https://files.pythonhosted.org/packages/c6/66/aa93b52f95a314584d71fa0b76df00bdd4158aafffa76a350f1ae416396c/rapidfuzz-3.14.1-cp311-cp311-win_arm64.whl", hash = "sha256:5087d8ad453092d80c042a08919b1cb20c8ad6047d772dc9312acd834da00f75", size = 816958 },
    { url = "https://files.pythonhosted.org/packages/df/77/2f4887c9b786f203e50b816c1cde71f96642f194e6fa752acfa042cf53fd/rapidfuzz-3.14.1-cp312-cp312-macosx_10_13_x86_64.whl", hash = "sha256:809515194f628004aac1b1b280c3734c5ea0ccbd45938c9c9656a23ae8b8f553", size = 1932216 },
    { url = "https://files.pythonhosted.org/packages/de/bd/b5e445d156cb1c2a87d36d8da53daf4d2a1d1729b4851660017898b49aa0/rapidfuzz-3.14.1-cp312-cp312-macosx_11_0_arm64.whl", hash = "sha256:0afcf2d6cb633d0d4260d8df6a40de2d9c93e9546e2c6b317ab03f89aa120ad7", size = 1393414 },
    { url = "https://files.pythonhosted.org/packages/de/bd/98d065dd0a4479a635df855616980eaae1a1a07a876db9400d421b5b6371/rapidfuzz-3.14.1-cp312-cp312-manylinux_2_26_aarch64.manylinux_2_28_aarch64.whl", hash = "sha256:5c1c3d07d53dcafee10599da8988d2b1f39df236aee501ecbd617bd883454fcd", size = 1377194 },
    { url = "https://files.pythonhosted.org/packages/d3/8a/1265547b771128b686f3c431377ff1db2fa073397ed082a25998a7b06d4e/rapidfuzz-3.14.1-cp312-cp312-manylinux_2_26_ppc64le.manylinux_2_28_ppc64le.whl", hash = "sha256:6e9ee3e1eb0a027717ee72fe34dc9ac5b3e58119f1bd8dd15bc19ed54ae3e62b", size = 1669573 },
    { url = "https://files.pythonhosted.org/packages/a8/57/e73755c52fb451f2054196404ccc468577f8da023b3a48c80bce29ee5d4a/rapidfuzz-3.14.1-cp312-cp312-manylinux_2_26_s390x.manylinux_2_28_s390x.whl", hash = "sha256:70c845b64a033a20c44ed26bc890eeb851215148cc3e696499f5f65529afb6cb", size = 2217833 },
    { url = "https://files.pythonhosted.org/packages/20/14/7399c18c460e72d1b754e80dafc9f65cb42a46cc8f29cd57d11c0c4acc94/rapidfuzz-3.14.1-cp312-cp312-manylinux_2_27_x86_64.manylinux_2_28_x86_64.whl", hash = "sha256:26db0e815213d04234298dea0d884d92b9cb8d4ba954cab7cf67a35853128a33", size = 3159012 },
    { url = "https://files.pythonhosted.org/packages/f8/5e/24f0226ddb5440cabd88605d2491f99ae3748a6b27b0bc9703772892ced7/rapidfuzz-3.14.1-cp312-cp312-manylinux_2_31_armv7l.whl", hash = "sha256:6ad3395a416f8b126ff11c788531f157c7debeb626f9d897c153ff8980da10fb", size = 1227032 },
    { url = "https://files.pythonhosted.org/packages/40/43/1d54a4ad1a5fac2394d5f28a3108e2bf73c26f4f23663535e3139cfede9b/rapidfuzz-3.14.1-cp312-cp312-musllinux_1_2_aarch64.whl", hash = "sha256:61c5b9ab6f730e6478aa2def566223712d121c6f69a94c7cc002044799442afd", size = 2395054 },
    { url = "https://files.pythonhosted.org/packages/0c/71/e9864cd5b0f086c4a03791f5dfe0155a1b132f789fe19b0c76fbabd20513/rapidfuzz-3.14.1-cp312-cp312-musllinux_1_2_armv7l.whl", hash = "sha256:13e0ea3d0c533969158727d1bb7a08c2cc9a816ab83f8f0dcfde7e38938ce3e6", size = 2524741 },
    { url = "https://files.pythonhosted.org/packages/b2/0c/53f88286b912faf4a3b2619a60df4f4a67bd0edcf5970d7b0c1143501f0c/rapidfuzz-3.14.1-cp312-cp312-musllinux_1_2_ppc64le.whl", hash = "sha256:6325ca435b99f4001aac919ab8922ac464999b100173317defb83eae34e82139", size = 2785311 },
    { url = "https://files.pythonhosted.org/packages/53/9a/229c26dc4f91bad323f07304ee5ccbc28f0d21c76047a1e4f813187d0bad/rapidfuzz-3.14.1-cp312-cp312-musllinux_1_2_s390x.whl", hash = "sha256:07a9fad3247e68798424bdc116c1094e88ecfabc17b29edf42a777520347648e", size = 3303630 },
    { url = "https://files.pythonhosted.org/packages/05/de/20e330d6d58cbf83da914accd9e303048b7abae2f198886f65a344b69695/rapidfuzz-3.14.1-cp312-cp312-musllinux_1_2_x86_64.whl", hash = "sha256:f8ff5dbe78db0a10c1f916368e21d328935896240f71f721e073cf6c4c8cdedd", size = 4262364 },
    { url = "https://files.pythonhosted.org/packages/1f/10/2327f83fad3534a8d69fe9cd718f645ec1fe828b60c0e0e97efc03bf12f8/rapidfuzz-3.14.1-cp312-cp312-win32.whl", hash = "sha256:9c83270e44a6ae7a39fc1d7e72a27486bccc1fa5f34e01572b1b90b019e6b566", size = 1711927 },
    { url = "https://files.pythonhosted.org/packages/78/8d/199df0370133fe9f35bc72f3c037b53c93c5c1fc1e8d915cf7c1f6bb8557/rapidfuzz-3.14.1-cp312-cp312-win_amd64.whl", hash = "sha256:e06664c7fdb51c708e082df08a6888fce4c5c416d7e3cc2fa66dd80eb76a149d", size = 1542045 },
    { url = "https://files.pythonhosted.org/packages/b3/c6/cc5d4bd1b16ea2657c80b745d8b1c788041a31fad52e7681496197b41562/rapidfuzz-3.14.1-cp312-cp312-win_arm64.whl", hash = "sha256:6c7c26025f7934a169a23dafea6807cfc3fb556f1dd49229faf2171e5d8101cc", size = 813170 },
    { url = "https://files.pythonhosted.org/packages/0d/f2/0024cc8eead108c4c29337abe133d72ddf3406ce9bbfbcfc110414a7ea07/rapidfuzz-3.14.1-cp313-cp313-macosx_10_13_x86_64.whl", hash = "sha256:8d69f470d63ee824132ecd80b1974e1d15dd9df5193916901d7860cef081a260", size = 1926515 },
    { url = "https://files.pythonhosted.org/packages/12/ae/6cb211f8930bea20fa989b23f31ee7f92940caaf24e3e510d242a1b28de4/rapidfuzz-3.14.1-cp313-cp313-macosx_11_0_arm64.whl", hash = "sha256:6f571d20152fc4833b7b5e781b36d5e4f31f3b5a596a3d53cf66a1bd4436b4f4", size = 1388431 },
    { url = "https://files.pythonhosted.org/packages/39/88/bfec24da0607c39e5841ced5594ea1b907d20f83adf0e3ee87fa454a425b/rapidfuzz-3.14.1-cp313-cp313-manylinux_2_26_aarch64.manylinux_2_28_aarch64.whl", hash = "sha256:61d77e09b2b6bc38228f53b9ea7972a00722a14a6048be9a3672fb5cb08bad3a", size = 1375664 },
    { url = "https://files.pythonhosted.org/packages/f4/43/9f282ba539e404bdd7052c7371d3aaaa1a9417979d2a1d8332670c7f385a/rapidfuzz-3.14.1-cp313-cp313-manylinux_2_26_ppc64le.manylinux_2_28_ppc64le.whl", hash = "sha256:8b41d95ef86a6295d353dc3bb6c80550665ba2c3bef3a9feab46074d12a9af8f", size = 1668113 },
    { url = "https://files.pythonhosted.org/packages/7f/2f/0b3153053b1acca90969eb0867922ac8515b1a8a48706a3215c2db60e87c/rapidfuzz-3.14.1-cp313-cp313-manylinux_2_26_s390x.manylinux_2_28_s390x.whl", hash = "sha256:0591df2e856ad583644b40a2b99fb522f93543c65e64b771241dda6d1cfdc96b", size = 2212875 },
    { url = "https://files.pythonhosted.org/packages/f8/9b/623001dddc518afaa08ed1fbbfc4005c8692b7a32b0f08b20c506f17a770/rapidfuzz-3.14.1-cp313-cp313-manylinux_2_27_x86_64.manylinux_2_28_x86_64.whl", hash = "sha256:f277801f55b2f3923ef2de51ab94689a0671a4524bf7b611de979f308a54cd6f", size = 3161181 },
    { url = "https://files.pythonhosted.org/packages/ce/b7/d8404ed5ad56eb74463e5ebf0a14f0019d7eb0e65e0323f709fe72e0884c/rapidfuzz-3.14.1-cp313-cp313-manylinux_2_31_armv7l.whl", hash = "sha256:893fdfd4f66ebb67f33da89eb1bd1674b7b30442fdee84db87f6cb9074bf0ce9", size = 1225495 },
    { url = "https://files.pythonhosted.org/packages/2c/6c/b96af62bc7615d821e3f6b47563c265fd7379d7236dfbc1cbbcce8beb1d2/rapidfuzz-3.14.1-cp313-cp313-musllinux_1_2_aarch64.whl", hash = "sha256:fe2651258c1f1afa9b66f44bf82f639d5f83034f9804877a1bbbae2120539ad1", size = 2396294 },
    { url = "https://files.pythonhosted.org/packages/7f/b7/c60c9d22a7debed8b8b751f506a4cece5c22c0b05e47a819d6b47bc8c14e/rapidfuzz-3.14.1-cp313-cp313-musllinux_1_2_armv7l.whl", hash = "sha256:ace21f7a78519d8e889b1240489cd021c5355c496cb151b479b741a4c27f0a25", size = 2529629 },
    { url = "https://files.pythonhosted.org/packages/25/94/a9ec7ccb28381f14de696ffd51c321974762f137679df986f5375d35264f/rapidfuzz-3.14.1-cp313-cp313-musllinux_1_2_ppc64le.whl", hash = "sha256:cb5acf24590bc5e57027283b015950d713f9e4d155fda5cfa71adef3b3a84502", size = 2782960 },
    { url = "https://files.pythonhosted.org/packages/68/80/04e5276d223060eca45250dbf79ea39940c0be8b3083661d58d57572c2c5/rapidfuzz-3.14.1-cp313-cp313-musllinux_1_2_s390x.whl", hash = "sha256:67ea46fa8cc78174bad09d66b9a4b98d3068e85de677e3c71ed931a1de28171f", size = 3298427 },
    { url = "https://files.pythonhosted.org/packages/4a/63/24759b2a751562630b244e68ccaaf7a7525c720588fcc77c964146355aee/rapidfuzz-3.14.1-cp313-cp313-musllinux_1_2_x86_64.whl", hash = "sha256:44e741d785de57d1a7bae03599c1cbc7335d0b060a35e60c44c382566e22782e", size = 4267736 },
    { url = "https://files.pythonhosted.org/packages/18/a4/73f1b1f7f44d55f40ffbffe85e529eb9d7e7f7b2ffc0931760eadd163995/rapidfuzz-3.14.1-cp313-cp313-win32.whl", hash = "sha256:b1fe6001baa9fa36bcb565e24e88830718f6c90896b91ceffcb48881e3adddbc", size = 1710515 },
    { url = "https://files.pythonhosted.org/packages/6a/8b/a8fe5a6ee4d06fd413aaa9a7e0a23a8630c4b18501509d053646d18c2aa7/rapidfuzz-3.14.1-cp313-cp313-win_amd64.whl", hash = "sha256:83b8cc6336709fa5db0579189bfd125df280a554af544b2dc1c7da9cdad7e44d", size = 1540081 },
    { url = "https://files.pythonhosted.org/packages/ac/fe/4b0ac16c118a2367d85450b45251ee5362661e9118a1cef88aae1765ffff/rapidfuzz-3.14.1-cp313-cp313-win_arm64.whl", hash = "sha256:cf75769662eadf5f9bd24e865c19e5ca7718e879273dce4e7b3b5824c4da0eb4", size = 812725 },
    { url = "https://files.pythonhosted.org/packages/e2/cb/1ad9a76d974d153783f8e0be8dbe60ec46488fac6e519db804e299e0da06/rapidfuzz-3.14.1-cp313-cp313t-macosx_10_13_x86_64.whl", hash = "sha256:d937dbeda71c921ef6537c6d41a84f1b8112f107589c9977059de57a1d726dd6", size = 1945173 },
    { url = "https://files.pythonhosted.org/packages/d9/61/959ed7460941d8a81cbf6552b9c45564778a36cf5e5aa872558b30fc02b2/rapidfuzz-3.14.1-cp313-cp313t-macosx_11_0_arm64.whl", hash = "sha256:7a2d80cc1a4fcc7e259ed4f505e70b36433a63fa251f1bb69ff279fe376c5efd", size = 1413949 },
    { url = "https://files.pythonhosted.org/packages/7b/a0/f46fca44457ca1f25f23cc1f06867454fc3c3be118cd10b552b0ab3e58a2/rapidfuzz-3.14.1-cp313-cp313t-win32.whl", hash = "sha256:40875e0c06f1a388f1cab3885744f847b557e0b1642dfc31ff02039f9f0823ef", size = 1760666 },
    { url = "https://files.pythonhosted.org/packages/9b/d0/7a5d9c04446f8b66882b0fae45b36a838cf4d31439b5d1ab48a9d17c8e57/rapidfuzz-3.14.1-cp313-cp313t-win_amd64.whl", hash = "sha256:876dc0c15552f3d704d7fb8d61bdffc872ff63bedf683568d6faad32e51bbce8", size = 1579760 },
    { url = "https://files.pythonhosted.org/packages/4e/aa/2c03ae112320d0746f2c869cae68c413f3fe3b6403358556f2b747559723/rapidfuzz-3.14.1-cp313-cp313t-win_arm64.whl", hash = "sha256:61458e83b0b3e2abc3391d0953c47d6325e506ba44d6a25c869c4401b3bc222c", size = 832088 },
    { url = "https://files.pythonhosted.org/packages/d6/36/53debca45fbe693bd6181fb05b6a2fd561c87669edb82ec0d7c1961a43f0/rapidfuzz-3.14.1-cp314-cp314-macosx_10_13_x86_64.whl", hash = "sha256:e84d9a844dc2e4d5c4cabd14c096374ead006583304333c14a6fbde51f612a44", size = 1926336 },
    { url = "https://files.pythonhosted.org/packages/ae/32/b874f48609665fcfeaf16cbaeb2bbc210deef2b88e996c51cfc36c3eb7c3/rapidfuzz-3.14.1-cp314-cp314-macosx_11_0_arm64.whl", hash = "sha256:40301b93b99350edcd02dbb22e37ca5f2a75d0db822e9b3c522da451a93d6f27", size = 1389653 },
    { url = "https://files.pythonhosted.org/packages/97/25/f6c5a1ff4ec11edadacb270e70b8415f51fa2f0d5730c2c552b81651fbe3/rapidfuzz-3.14.1-cp314-cp314-manylinux_2_26_aarch64.manylinux_2_28_aarch64.whl", hash = "sha256:fedd5097a44808dddf341466866e5c57a18a19a336565b4ff50aa8f09eb528f6", size = 1380911 },
    { url = "https://files.pythonhosted.org/packages/d8/f3/d322202ef8fab463759b51ebfaa33228100510c82e6153bd7a922e150270/rapidfuzz-3.14.1-cp314-cp314-manylinux_2_26_ppc64le.manylinux_2_28_ppc64le.whl", hash = "sha256:2e3e61c9e80d8c26709d8aa5c51fdd25139c81a4ab463895f8a567f8347b0548", size = 1673515 },
    { url = "https://files.pythonhosted.org/packages/8d/b9/6b2a97f4c6be96cac3749f32301b8cdf751ce5617b1c8934c96586a0662b/rapidfuzz-3.14.1-cp314-cp314-manylinux_2_26_s390x.manylinux_2_28_s390x.whl", hash = "sha256:da011a373722fac6e64687297a1d17dc8461b82cb12c437845d5a5b161bc24b9", size = 2219394 },
    { url = "https://files.pythonhosted.org/packages/11/bf/afb76adffe4406e6250f14ce48e60a7eb05d4624945bd3c044cfda575fbc/rapidfuzz-3.14.1-cp314-cp314-manylinux_2_27_x86_64.manylinux_2_28_x86_64.whl", hash = "sha256:5967d571243cfb9ad3710e6e628ab68c421a237b76e24a67ac22ee0ff12784d6", size = 3163582 },
    { url = "https://files.pythonhosted.org/packages/42/34/e6405227560f61e956cb4c5de653b0f874751c5ada658d3532d6c1df328e/rapidfuzz-3.14.1-cp314-cp314-manylinux_2_31_armv7l.whl", hash = "sha256:474f416cbb9099676de54aa41944c154ba8d25033ee460f87bb23e54af6d01c9", size = 1221116 },
    { url = "https://files.pythonhosted.org/packages/55/e6/5b757e2e18de384b11d1daf59608453f0baf5d5d8d1c43e1a964af4dc19a/rapidfuzz-3.14.1-cp314-cp314-musllinux_1_2_aarch64.whl", hash = "sha256:ae2d57464b59297f727c4e201ea99ec7b13935f1f056c753e8103da3f2fc2404", size = 2402670 },
    { url = "https://files.pythonhosted.org/packages/43/c4/d753a415fe54531aa882e288db5ed77daaa72e05c1a39e1cbac00d23024f/rapidfuzz-3.14.1-cp314-cp314-musllinux_1_2_armv7l.whl", hash = "sha256:57047493a1f62f11354c7143c380b02f1b355c52733e6b03adb1cb0fe8fb8816", size = 2521659 },
    { url = "https://files.pythonhosted.org/packages/cd/28/d4e7fe1515430db98f42deb794c7586a026d302fe70f0216b638d89cf10f/rapidfuzz-3.14.1-cp314-cp314-musllinux_1_2_ppc64le.whl", hash = "sha256:4acc20776f225ee37d69517a237c090b9fa7e0836a0b8bc58868e9168ba6ef6f", size = 2788552 },
    { url = "https://files.pythonhosted.org/packages/4f/00/eab05473af7a2cafb4f3994bc6bf408126b8eec99a569aac6254ac757db4/rapidfuzz-3.14.1-cp314-cp314-musllinux_1_2_s390x.whl", hash = "sha256:4373f914ff524ee0146919dea96a40a8200ab157e5a15e777a74a769f73d8a4a", size = 3306261 },
    { url = "https://files.pythonhosted.org/packages/d1/31/2feb8dfcfcff6508230cd2ccfdde7a8bf988c6fda142fe9ce5d3eb15704d/rapidfuzz-3.14.1-cp314-cp314-musllinux_1_2_x86_64.whl", hash = "sha256:37017b84953927807847016620d61251fe236bd4bcb25e27b6133d955bb9cafb", size = 4269522 },
    { url = "https://files.pythonhosted.org/packages/a3/99/250538d73c8fbab60597c3d131a11ef2a634d38b44296ca11922794491ac/rapidfuzz-3.14.1-cp314-cp314-win32.whl", hash = "sha256:c8d1dd1146539e093b84d0805e8951475644af794ace81d957ca612e3eb31598", size = 1745018 },
    { url = "https://files.pythonhosted.org/packages/c5/15/d50839d20ad0743aded25b08a98ffb872f4bfda4e310bac6c111fcf6ea1f/rapidfuzz-3.14.1-cp314-cp314-win_amd64.whl", hash = "sha256:f51c7571295ea97387bac4f048d73cecce51222be78ed808263b45c79c40a440", size = 1587666 },
    { url = "https://files.pythonhosted.org/packages/a3/ff/d73fec989213fb6f0b6f15ee4bbdf2d88b0686197951a06b036111cd1c7d/rapidfuzz-3.14.1-cp314-cp314-win_arm64.whl", hash = "sha256:01eab10ec90912d7d28b3f08f6c91adbaf93458a53f849ff70776ecd70dd7a7a", size = 835780 },
    { url = "https://files.pythonhosted.org/packages/b7/e7/f0a242687143cebd33a1fb165226b73bd9496d47c5acfad93de820a18fa8/rapidfuzz-3.14.1-cp314-cp314t-macosx_10_13_x86_64.whl", hash = "sha256:60879fcae2f7618403c4c746a9a3eec89327d73148fb6e89a933b78442ff0669", size = 1945182 },
    { url = "https://files.pythonhosted.org/packages/96/29/ca8a3f8525e3d0e7ab49cb927b5fb4a54855f794c9ecd0a0b60a6c96a05f/rapidfuzz-3.14.1-cp314-cp314t-macosx_11_0_arm64.whl", hash = "sha256:f94d61e44db3fc95a74006a394257af90fa6e826c900a501d749979ff495d702", size = 1413946 },
    { url = "https://files.pythonhosted.org/packages/b5/ef/6fd10aa028db19c05b4ac7fe77f5613e4719377f630c709d89d7a538eea2/rapidfuzz-3.14.1-cp314-cp314t-win32.whl", hash = "sha256:93b6294a3ffab32a9b5f9b5ca048fa0474998e7e8bb0f2d2b5e819c64cb71ec7", size = 1795851 },
    { url = "https://files.pythonhosted.org/packages/e4/30/acd29ebd906a50f9e0f27d5f82a48cf5e8854637b21489bd81a2459985cf/rapidfuzz-3.14.1-cp314-cp314t-win_amd64.whl", hash = "sha256:6cb56b695421538fdbe2c0c85888b991d833b8637d2f2b41faa79cea7234c000", size = 1626748 },
    { url = "https://files.pythonhosted.org/packages/c1/f4/dfc7b8c46b1044a47f7ca55deceb5965985cff3193906cb32913121e6652/rapidfuzz-3.14.1-cp314-cp314t-win_arm64.whl", hash = "sha256:7cd312c380d3ce9d35c3ec9726b75eee9da50e8a38e89e229a03db2262d3d96b", size = 853771 },
    { url = "https://files.pythonhosted.org/packages/05/c7/1b17347e30f2b50dd976c54641aa12003569acb1bdaabf45a5cc6f471c58/rapidfuzz-3.14.1-pp311-pypy311_pp73-macosx_10_15_x86_64.whl", hash = "sha256:4a21ccdf1bd7d57a1009030527ba8fae1c74bf832d0a08f6b67de8f5c506c96f", size = 1862602 },
    { url = "https://files.pythonhosted.org/packages/09/cf/95d0dacac77eda22499991bd5f304c77c5965fb27348019a48ec3fe4a3f6/rapidfuzz-3.14.1-pp311-pypy311_pp73-macosx_11_0_arm64.whl", hash = "sha256:589fb0af91d3aff318750539c832ea1100dbac2c842fde24e42261df443845f6", size = 1339548 },
    { url = "https://files.pythonhosted.org/packages/b6/58/f515c44ba8c6fa5daa35134b94b99661ced852628c5505ead07b905c3fc7/rapidfuzz-3.14.1-pp311-pypy311_pp73-win_amd64.whl", hash = "sha256:a4f18092db4825f2517d135445015b40033ed809a41754918a03ef062abe88a0", size = 1513859 },
]

[[package]]
name = "tabulate"
version = "0.9.0"
source = { registry = "https://pypi.org/simple" }
sdist = { url = "https://files.pythonhosted.org/packages/ec/fe/802052aecb21e3797b8f7902564ab6ea0d60ff8ca23952079064155d1ae1/tabulate-0.9.0.tar.gz", hash = "sha256:0095b12bf5966de529c0feb1fa08671671b3368eec77d7ef7ab114be2c068b3c", size = 81090 }
wheels = [
    { url = "https://files.pythonhosted.org/packages/40/44/4a5f08c96eb108af5cb50b41f76142f0afa346dfa99d5296fe7202a11854/tabulate-0.9.0-py3-none-any.whl", hash = "sha256:024ca478df22e9340661486f85298cff5f6dcdba14f3813e8830015b9ed1948f", size = 35252 },
]
